{
  "name": "qinglong-script",
  "version": "1.0.0",
  "lockfileVersion": 3,
  "requires": true,
  "packages": {
    "": {
      "name": "qinglong-script",
      "version": "1.0.0",
      "license": "ISC",
      "dependencies": {
        "@lzwme/fe-utils": "^1.7.5"
      },
      "devDependencies": {
        "@types/node": "^22.5.1"
      }
    },
    "node_modules/@lzwme/fe-utils": {
      "version": "1.7.5",
      "resolved": "https://registry.npmjs.org/@lzwme/fe-utils/-/fe-utils-1.7.5.tgz",
      "integrity": "sha512-dzRr4scp/Zdx8rwikjAsuIP0XktbUazXcHJGoXs4N2hcuJBwHuZgDu63CKVKMEFqZ+GHCNS93L7gnfnA9xETpg==",
      "dependencies": {
        "console-log-colors": "^0.5.0",
        "tslib": "^2.6.3"
      },
      "engines": {
        "node": ">=14.18.0"
      },
      "peerDependencies": {
        "@iarna/toml": "^2.2.5",
        "compressing": "^1.10.0",
        "windows-process-tree": "^0.4.0"
      },
      "peerDependenciesMeta": {
        "@iarna/toml": {
          "optional": true
        },
        "compressing": {
          "optional": true
        },
        "windows-process-tree": {
          "optional": true
        }
      }
    },
    "node_modules/@types/node": {
      "version": "22.5.1",
      "resolved": "https://registry.npmjs.org/@types/node/-/node-22.5.1.tgz",
      "integrity": "sha512-KkHsxej0j9IW1KKOOAA/XBA0z08UFSrRQHErzEfA3Vgq57eXIMYboIlHJuYIfd+lwCQjtKqUu3UnmKbtUc9yRw==",
      "dev": true,
      "dependencies": {
        "undici-types": "~6.19.2"
      }
    },
    "node_modules/console-log-colors": {
      "version": "0.5.0",
      "resolved": "https://registry.npmjs.org/console-log-colors/-/console-log-colors-0.5.0.tgz",
      "integrity": "sha512-ixjGY06zMLCnNXeBdDKL6GuS1+/yQ1GorbZ9YsptP6jDgLqk/bBdQ5cTQvVveKUbO8Th6zwIhY8yRwhrpjXk6g==",
      "engines": {
        "node": ">= 4.1.0"
      }
    },
    "node_modules/tslib": {
      "version": "2.7.0",
      "resolved": "https://registry.npmjs.org/tslib/-/tslib-2.7.0.tgz",
      "integrity": "sha512-gLXCKdN1/j47AiHiOkJN69hJmcbGTHI0ImLmbYLHykhgeN0jVGola9yVjFgzCUklsZQMW55o+dW7IXv3RCXDzA=="
    },
    "node_modules/undici-types": {
      "version": "6.19.8",
      "resolved": "https://registry.npmjs.org/undici-types/-/undici-types-6.19.8.tgz",
      "integrity": "sha512-ve2KP6f/JnbPBFyobGHuerC9g1FYGn/F8n1LWTwNxCEzd6IfqTwUQcNXgEtmmQ6DlRrC1hrSrBnCZPokRrDHjw==",
      "dev": true
    }
  }
}
